// !$*UTF8*$!
{
	archiveVersion = 1;
	classes = {
	};
	objectVersion = 56;
	objects = {

/* Begin PBXBuildFile section */
		700000000000000000000001 /* GlucoseMonitorApp.swift in Sources */ = {isa = PBXBuildFile; fileRef = 600000000000000000000001 /* GlucoseMonitorApp.swift */; };
		700000000000000000000002 /* ContentView.swift in Sources */ = {isa = PBXBuildFile; fileRef = 600000000000000000000002 /* ContentView.swift */; };
		700000000000000000000003 /* GlucoseMonitorAPI.swift in Sources */ = {isa = PBXBuildFile; fileRef = 600000000000000000000003 /* GlucoseMonitorAPI.swift */; };
		700000000000000000000004 /* GlucoseMonitorAPI.swift in Sources */ = {isa = PBXBuildFile; fileRef = 600000000000000000000003 /* GlucoseMonitorAPI.swift */; };
		700000000000000000000005 /* GlucoseMonitorWatchApp.swift in Sources */ = {isa = PBXBuildFile; fileRef = 600000000000000000000004 /* GlucoseMonitorWatchApp.swift */; };
		700000000000000000000006 /* WatchRootView.swift in Sources */ = {isa = PBXBuildFile; fileRef = 600000000000000000000005 /* WatchRootView.swift */; };
		700000000000000000000007 /* Assets.xcassets in Resources */ = {isa = PBXBuildFile; fileRef = 600000000000000000000006 /* Assets.xcassets */; };
		700000000000000000000009 /* GMWatch.app in Embed Watch Content */ = {isa = PBXBuildFile; fileRef = 600000000000000000000009 /* GMWatch.app */; settings = {ATTRIBUTES = (RemoveHeadersOnCopy, ); }; };
		70000000000000000000000A /* AppState.swift in Sources */ = {isa = PBXBuildFile; fileRef = 60000000000000000000000A /* AppState.swift */; };
		70000000000000000000000B /* BackendAPI.swift in Sources */ = {isa = PBXBuildFile; fileRef = 60000000000000000000000B /* BackendAPI.swift */; };
		70000000000000000000000C /* NotesView.swift in Sources */ = {isa = PBXBuildFile; fileRef = 60000000000000000000000C /* NotesView.swift */; };
		70000000000000000000000D /* SettingsView.swift in Sources */ = {isa = PBXBuildFile; fileRef = 60000000000000000000000D /* SettingsView.swift */; };
		70000000000000000000000E /* ClientVersion.swift in Sources */ = {isa = PBXBuildFile; fileRef = 60000000000000000000000E /* ClientVersion.swift */; };
		70000000000000000000000F /* InsulinIOB.swift in Sources */ = {isa = PBXBuildFile; fileRef = 60000000000000000000000F /* InsulinIOB.swift */; };
		700000000000000000000010 /* DashboardExtras.swift in Sources */ = {isa = PBXBuildFile; fileRef = 600000000000000000000010 /* DashboardExtras.swift */; };
		700000000000000000000011 /* LockScreenWidgetSnapshot.swift in Sources */ = {isa = PBXBuildFile; fileRef = 600000000000000000000011 /* LockScreenWidgetSnapshot.swift */; };
		700000000000000000000012 /* LockScreenWidgetSnapshot.swift in Sources */ = {isa = PBXBuildFile; fileRef = 600000000000000000000011 /* LockScreenWidgetSnapshot.swift */; };
		700000000000000000000013 /* GlucoseMonitorLockWidget.swift in Sources */ = {isa = PBXBuildFile; fileRef = 600000000000000000000012 /* GlucoseMonitorLockWidget.swift */; };
		700000000000000000000014 /* LockScreenAccessoryViews.swift in Sources */ = {isa = PBXBuildFile; fileRef = 600000000000000000000013 /* LockScreenAccessoryViews.swift */; };
		700000000000000000000015 /* GlucoseMonitorWidget.appex in Embed Foundation Extensions */ = {isa = PBXBuildFile; fileRef = 600000000000000000000016 /* GlucoseMonitorWidget.appex */; settings = {ATTRIBUTES = (RemoveHeadersOnCopy, ); }; };
		700000000000000000000016 /* GlucoseMonitorAPI.swift in Sources */ = {isa = PBXBuildFile; fileRef = 600000000000000000000003 /* GlucoseMonitorAPI.swift */; };
		700000000000000000000017 /* ClientVersion.swift in Sources */ = {isa = PBXBuildFile; fileRef = 60000000000000000000000E /* ClientVersion.swift */; };
/* End PBXBuildFile section */

/* Begin PBXContainerItemProxy section */
		500000000000000000000002 /* PBXContainerItemProxy */ = {
			isa = PBXContainerItemProxy;
			containerPortal = 100000000000000000000001 /* Project object */;
			proxyType = 1;
			remoteGlobalIDString = 200000000000000000000002;
			remoteInfo = GlucoseMonitorWatch;
		};
		500000000000000000000005 /* PBXContainerItemProxy */ = {
			isa = PBXContainerItemProxy;
			containerPortal = 100000000000000000000001 /* Project object */;
			proxyType = 1;
			remoteGlobalIDString = 200000000000000000000003;
			remoteInfo = GlucoseMonitorWidgetExtension;
		};
/* End PBXContainerItemProxy section */

/* Begin PBXCopyFilesBuildPhase section */
		300000000000000000000004 /* Embed Watch Content */ = {
			isa = PBXCopyFilesBuildPhase;
			buildActionMask = 2147483647;
			dstPath = "$(CONTENTS_FOLDER_PATH)/Watch";
			dstSubfolderSpec = 16;
			files = (
				700000000000000000000009 /* GMWatch.app in Embed Watch Content */,
			);
			name = "Embed Watch Content";
			runOnlyForDeploymentPostprocessing = 0;
		};
		300000000000000000000006 /* Embed Foundation Extensions */ = {
			isa = PBXCopyFilesBuildPhase;
			buildActionMask = 2147483647;
			dstPath = "";
			dstSubfolderSpec = 13;
			files = (
				700000000000000000000015 /* GlucoseMonitorWidget.appex in Embed Foundation Extensions */,
			);
			name = "Embed Foundation Extensions";
			runOnlyForDeploymentPostprocessing = 0;
		};
/* End PBXCopyFilesBuildPhase section */

/* Begin PBXFileReference section */
		600000000000000000000001 /* GlucoseMonitorApp.swift */ = {isa = PBXFileReference; lastKnownFileType = sourcecode.swift; path = GlucoseMonitorApp.swift; sourceTree = "<group>"; };
		600000000000000000000002 /* ContentView.swift */ = {isa = PBXFileReference; lastKnownFileType = sourcecode.swift; path = ContentView.swift; sourceTree = "<group>"; };
		600000000000000000000003 /* GlucoseMonitorAPI.swift */ = {isa = PBXFileReference; lastKnownFileType = sourcecode.swift; path = GlucoseMonitorAPI.swift; sourceTree = "<group>"; };
		600000000000000000000004 /* GlucoseMonitorWatchApp.swift */ = {isa = PBXFileReference; lastKnownFileType = sourcecode.swift; path = GlucoseMonitorWatchApp.swift; sourceTree = "<group>"; };
		600000000000000000000005 /* WatchRootView.swift */ = {isa = PBXFileReference; lastKnownFileType = sourcecode.swift; path = WatchRootView.swift; sourceTree = "<group>"; };
		600000000000000000000006 /* Assets.xcassets */ = {isa = PBXFileReference; lastKnownFileType = folder.assetcatalog; path = Assets.xcassets; sourceTree = "<group>"; };
		600000000000000000000008 /* GlucoseMonitor.app */ = {isa = PBXFileReference; explicitFileType = wrapper.application; includeInIndex = 0; path = GlucoseMonitor.app; sourceTree = BUILT_PRODUCTS_DIR; };
		600000000000000000000009 /* GMWatch.app */ = {isa = PBXFileReference; explicitFileType = wrapper.application; includeInIndex = 0; path = GMWatch.app; sourceTree = BUILT_PRODUCTS_DIR; };
		60000000000000000000000A /* AppState.swift */ = {isa = PBXFileReference; lastKnownFileType = sourcecode.swift; path = AppState.swift; sourceTree = "<group>"; };
		60000000000000000000000B /* BackendAPI.swift */ = {isa = PBXFileReference; lastKnownFileType = sourcecode.swift; path = BackendAPI.swift; sourceTree = "<group>"; };
		60000000000000000000000C /* NotesView.swift */ = {isa = PBXFileReference; lastKnownFileType = sourcecode.swift; path = NotesView.swift; sourceTree = "<group>"; };
		60000000000000000000000D /* SettingsView.swift */ = {isa = PBXFileReference; lastKnownFileType = sourcecode.swift; path = SettingsView.swift; sourceTree = "<group>"; };
		60000000000000000000000E /* ClientVersion.swift */ = {isa = PBXFileReference; lastKnownFileType = sourcecode.swift; path = ClientVersion.swift; sourceTree = "<group>"; };
		60000000000000000000000F /* InsulinIOB.swift */ = {isa = PBXFileReference; lastKnownFileType = sourcecode.swift; path = InsulinIOB.swift; sourceTree = "<group>"; };
		600000000000000000000010 /* DashboardExtras.swift */ = {isa = PBXFileReference; lastKnownFileType = sourcecode.swift; path = DashboardExtras.swift; sourceTree = "<group>"; };
		600000000000000000000011 /* LockScreenWidgetSnapshot.swift */ = {isa = PBXFileReference; lastKnownFileType = sourcecode.swift; path = LockScreenWidgetSnapshot.swift; sourceTree = "<group>"; };
		600000000000000000000012 /* GlucoseMonitorLockWidget.swift */ = {isa = PBXFileReference; lastKnownFileType = sourcecode.swift; path = GlucoseMonitorLockWidget.swift; sourceTree = "<group>"; };
		600000000000000000000013 /* LockScreenAccessoryViews.swift */ = {isa = PBXFileReference; lastKnownFileType = sourcecode.swift; path = LockScreenAccessoryViews.swift; sourceTree = "<group>"; };
		600000000000000000000014 /* GlucoseMonitorWidget.entitlements */ = {isa = PBXFileReference; lastKnownFileType = text.plist.entitlements; path = GlucoseMonitorWidget.entitlements; sourceTree = "<group>"; };
		600000000000000000000015 /* Info.plist */ = {isa = PBXFileReference; lastKnownFileType = text.plist.xml; path = Info.plist; sourceTree = "<group>"; };
		600000000000000000000016 /* GlucoseMonitorWidget.appex */ = {isa = PBXFileReference; explicitFileType = "wrapper.app-extension"; includeInIndex = 0; path = GlucoseMonitorWidget.appex; sourceTree = BUILT_PRODUCTS_DIR; };
/* End PBXFileReference section */

/* Begin PBXFrameworksBuildPhase section */
		300000000000000000000002 /* Frameworks */ = {
			isa = PBXFrameworksBuildPhase;
			buildActionMask = 2147483647;
			files = (
			);
			runOnlyForDeploymentPostprocessing = 0;
		};
		400000000000000000000002 /* Frameworks */ = {
			isa = PBXFrameworksBuildPhase;
			buildActionMask = 2147483647;
			files = (
			);
			runOnlyForDeploymentPostprocessing = 0;
		};
/* End PBXFrameworksBuildPhase section */

/* Begin PBXGroup section */
		800000000000000000000001 = {
			isa = PBXGroup;
			children = (
				800000000000000000000002 /* GlucoseMonitor */,
				800000000000000000000003 /* Shared */,
				800000000000000000000006 /* GlucoseMonitorWidget */,
				800000000000000000000004 /* GlucoseMonitorWatch */,
				800000000000000000000005 /* Products */,
			);
			sourceTree = "<group>";
		};
		800000000000000000000002 /* GlucoseMonitor */ = {
			isa = PBXGroup;
			children = (
				600000000000000000000001 /* GlucoseMonitorApp.swift */,
				60000000000000000000000A /* AppState.swift */,
				60000000000000000000000B /* BackendAPI.swift */,
				600000000000000000000002 /* ContentView.swift */,
				60000000000000000000000C /* NotesView.swift */,
				60000000000000000000000D /* SettingsView.swift */,
				60000000000000000000000F /* InsulinIOB.swift */,
				600000000000000000000010 /* DashboardExtras.swift */,
				600000000000000000000006 /* Assets.xcassets */,
			);
			path = GlucoseMonitor;
			sourceTree = "<group>";
		};
		800000000000000000000003 /* Shared */ = {
			isa = PBXGroup;
			children = (
				600000000000000000000003 /* GlucoseMonitorAPI.swift */,
				60000000000000000000000E /* ClientVersion.swift */,
				600000000000000000000011 /* LockScreenWidgetSnapshot.swift */,
			);
			name = Shared;
			path = "../glucose-monitor-watch/Shared";
			sourceTree = "<group>";
		};
		800000000000000000000006 /* GlucoseMonitorWidget */ = {
			isa = PBXGroup;
			children = (
				600000000000000000000012 /* GlucoseMonitorLockWidget.swift */,
				600000000000000000000013 /* LockScreenAccessoryViews.swift */,
				600000000000000000000014 /* GlucoseMonitorWidget.entitlements */,
				600000000000000000000015 /* Info.plist */,
			);
			path = GlucoseMonitorWidget;
			sourceTree = "<group>";
		};
		800000000000000000000004 /* GlucoseMonitorWatch */ = {
			isa = PBXGroup;
			children = (
				600000000000000000000004 /* GlucoseMonitorWatchApp.swift */,
				600000000000000000000005 /* WatchRootView.swift */,
			);
			name = GlucoseMonitorWatch;
			path = "../glucose-monitor-watch/GlucoseMonitorWatch";
			sourceTree = "<group>";
		};
		800000000000000000000005 /* Products */ = {
			isa = PBXGroup;
			children = (
				600000000000000000000008 /* GlucoseMonitor.app */,
				600000000000000000000016 /* GlucoseMonitorWidget.appex */,
				600000000000000000000009 /* GMWatch.app */,
			);
			name = Products;
			sourceTree = "<group>";
		};
/* End PBXGroup section */

/* Begin PBXNativeTarget section */
		200000000000000000000001 /* GlucoseMonitor */ = {
			isa = PBXNativeTarget;
			buildConfigurationList = 900000000000000000000001 /* Build configuration list for PBXNativeTarget "GlucoseMonitor" */;
			buildPhases = (
				300000000000000000000001 /* Sources */,
				300000000000000000000002 /* Frameworks */,
				300000000000000000000003 /* Resources */,
				300000000000000000000006 /* Embed Foundation Extensions */,
				300000000000000000000004 /* Embed Watch Content */,
			);
			buildRules = (
			);
			dependencies = (
				500000000000000000000001 /* PBXTargetDependency */,
				500000000000000000000004 /* PBXTargetDependency */,
			);
			name = GlucoseMonitor;
			productName = GlucoseMonitor;
			productReference = 600000000000000000000008 /* GlucoseMonitor.app */;
			productType = "com.apple.product-type.application";
		};
		200000000000000000000002 /* GlucoseMonitorWatch */ = {
			isa = PBXNativeTarget;
			buildConfigurationList = 900000000000000000000002 /* Build configuration list for PBXNativeTarget "GlucoseMonitorWatch" */;
			buildPhases = (
				400000000000000000000001 /* Sources */,
				400000000000000000000002 /* Frameworks */,
				400000000000000000000003 /* Resources */,
			);
			buildRules = (
			);
			dependencies = (
			);
			name = GlucoseMonitorWatch;
			productName = GMWatch;
			productReference = 600000000000000000000009 /* GMWatch.app */;
			productType = "com.apple.product-type.application";
		};
		200000000000000000000003 /* GlucoseMonitorWidgetExtension */ = {
			isa = PBXNativeTarget;
			buildConfigurationList = 900000000000000000000005 /* Build configuration list for PBXNativeTarget "GlucoseMonitorWidgetExtension" */;
			buildPhases = (
				400000000000000000000010 /* Sources */,
				400000000000000000000011 /* Frameworks */,
				400000000000000000000012 /* Resources */,
			);
			buildRules = (
			);
			dependencies = (
			);
			name = GlucoseMonitorWidgetExtension;
			productName = GlucoseMonitorWidget;
			productReference = 600000000000000000000016 /* GlucoseMonitorWidget.appex */;
			productType = "com.apple.product-type.app-extension";
		};
/* End PBXNativeTarget section */

/* Begin PBXProject section */
		100000000000000000000001 /* Project object */ = {
			isa = PBXProject;
			attributes = {
				BuildIndependentTargetsInParallel = 1;
				LastSwiftUpdateCheck = 1620;
				LastUpgradeCheck = 1620;
				TargetAttributes = {
					200000000000000000000001 = {
						CreatedOnToolsVersion = 16.2;
					};
					200000000000000000000002 = {
						CreatedOnToolsVersion = 16.2;
					};
				};
			};
			buildConfigurationList = 900000000000000000000003 /* Build configuration list for PBXProject "GlucoseMonitor" */;
			compatibilityVersion = "Xcode 14.0";
			developmentRegion = en;
			hasScannedForEncodings = 0;
			knownRegions = (
				en,
				Base,
			);
			mainGroup = 800000000000000000000001;
			productRefGroup = 800000000000000000000005 /* Products */;
			projectDirPath = "";
			projectRoot = "";
			targets = (
				200000000000000000000001 /* GlucoseMonitor */,
				200000000000000000000003 /* GlucoseMonitorWidgetExtension */,
				200000000000000000000002 /* GlucoseMonitorWatch */,
			);
		};
/* End PBXProject section */

/* Begin PBXResourcesBuildPhase section */
		300000000000000000000003 /* Resources */ = {
			isa = PBXResourcesBuildPhase;
			buildActionMask = 2147483647;
			files = (
				700000000000000000000007 /* Assets.xcassets in Resources */,
			);
			runOnlyForDeploymentPostprocessing = 0;
		};
		400000000000000000000003 /* Resources */ = {
			isa = PBXResourcesBuildPhase;
			buildActionMask = 2147483647;
			files = (
			);
			runOnlyForDeploymentPostprocessing = 0;
		};
/* End PBXResourcesBuildPhase section */

/* Begin PBXSourcesBuildPhase section */
		300000000000000000000001 /* Sources */ = {
			isa = PBXSourcesBuildPhase;
			buildActionMask = 2147483647;
			files = (
				700000000000000000000001 /* GlucoseMonitorApp.swift in Sources */,
				70000000000000000000000A /* AppState.swift in Sources */,
				70000000000000000000000B /* BackendAPI.swift in Sources */,
				700000000000000000000002 /* ContentView.swift in Sources */,
				70000000000000000000000C /* NotesView.swift in Sources */,
				70000000000000000000000D /* SettingsView.swift in Sources */,
				700000000000000000000003 /* GlucoseMonitorAPI.swift in Sources */,
				70000000000000000000000E /* ClientVersion.swift in Sources */,
				70000000000000000000000F /* InsulinIOB.swift in Sources */,
				700000000000000000000010 /* DashboardExtras.swift in Sources */,
				700000000000000000000011 /* LockScreenWidgetSnapshot.swift in Sources */,
			);
			runOnlyForDeploymentPostprocessing = 0;
		};
		400000000000000000000010 /* Sources */ = {
			isa = PBXSourcesBuildPhase;
			buildActionMask = 2147483647;
			files = (
				700000000000000000000016 /* GlucoseMonitorAPI.swift in Sources */,
				700000000000000000000017 /* ClientVersion.swift in Sources */,
				700000000000000000000012 /* LockScreenWidgetSnapshot.swift in Sources */,
				700000000000000000000013 /* GlucoseMonitorLockWidget.swift in Sources */,
				700000000000000000000014 /* LockScreenAccessoryViews.swift in Sources */,
			);
			runOnlyForDeploymentPostprocessing = 0;
		};
		400000000000000000000011 /* Frameworks */ = {
			isa = PBXFrameworksBuildPhase;
			buildActionMask = 2147483647;
			files = (
			);
			runOnlyForDeploymentPostprocessing = 0;
		};
		400000000000000000000012 /* Resources */ = {
			isa = PBXResourcesBuildPhase;
			buildActionMask = 2147483647;
			files = (
			);
			runOnlyForDeploymentPostprocessing = 0;
		};
		400000000000000000000001 /* Sources */ = {
			isa = PBXSourcesBuildPhase;
			buildActionMask = 2147483647;
			files = (
				700000000000000000000004 /* GlucoseMonitorAPI.swift in Sources */,
				700000000000000000000005 /* GlucoseMonitorWatchApp.swift in Sources */,
				700000000000000000000006 /* WatchRootView.swift in Sources */,
			);
			runOnlyForDeploymentPostprocessing = 0;
		};
/* End PBXSourcesBuildPhase section */

/* Begin PBXTargetDependency section */
		500000000000000000000001 /* PBXTargetDependency */ = {
			isa = PBXTargetDependency;
			target = 200000000000000000000002 /* GlucoseMonitorWatch */;
			targetProxy = 500000000000000000000002 /* PBXContainerItemProxy */;
		};
		500000000000000000000004 /* PBXTargetDependency */ = {
			isa = PBXTargetDependency;
			target = 200000000000000000000003 /* GlucoseMonitorWidgetExtension */;
			targetProxy = 500000000000000000000005 /* PBXContainerItemProxy */;
		};
/* End PBXTargetDependency section */

/* Begin XCBuildConfiguration section */
		A000000000000000000000001 /* Debug */ = {
			isa = XCBuildConfiguration;
			buildSettings = {
				ALWAYS_SEARCH_USER_PATHS = NO;
				ASSETCATALOG_COMPILER_GENERATE_SWIFT_ASSET_SYMBOL_EXTENSIONS = YES;
				CLANG_ANALYZER_NONNULL = YES;
				CLANG_ENABLE_MODULES = YES;
				CLANG_ENABLE_OBJC_ARC = YES;
				COPY_PHASE_STRIP = NO;
				DEBUG_INFORMATION_FORMAT = dwarf;
				ENABLE_STRICT_OBJC_MSGSEND = YES;
				ENABLE_TESTABILITY = YES;
				GCC_DYNAMIC_NO_PIC = NO;
				GCC_OPTIMIZATION_LEVEL = 0;
				GCC_PREPROCESSOR_DEFINITIONS = (
					"DEBUG=1",
					"$(inherited)",
				);
				IPHONEOS_DEPLOYMENT_TARGET = 16.0;
				MTL_ENABLE_DEBUG_INFO = INCLUDE_SOURCE;
				ONLY_ACTIVE_ARCH = YES;
				SDKROOT = iphoneos;
				SWIFT_ACTIVE_COMPILATION_CONDITIONS = "DEBUG $(inherited)";
				SWIFT_OPTIMIZATION_LEVEL = "-Onone";
				WATCHOS_DEPLOYMENT_TARGET = 8.0;
			};
			name = Debug;
		};
		A000000000000000000000002 /* Release */ = {
			isa = XCBuildConfiguration;
			buildSettings = {
				ALWAYS_SEARCH_USER_PATHS = NO;
				ASSETCATALOG_COMPILER_GENERATE_SWIFT_ASSET_SYMBOL_EXTENSIONS = YES;
				CLANG_ANALYZER_NONNULL = YES;
				CLANG_ENABLE_MODULES = YES;
				CLANG_ENABLE_OBJC_ARC = YES;
				COPY_PHASE_STRIP = NO;
				DEBUG_INFORMATION_FORMAT = "dwarf-with-dsym";
				ENABLE_NS_ASSERTIONS = NO;
				ENABLE_STRICT_OBJC_MSGSEND = YES;
				GCC_OPTIMIZATION_LEVEL = s;
				IPHONEOS_DEPLOYMENT_TARGET = 16.0;
				MTL_ENABLE_DEBUG_INFO = NO;
				SDKROOT = iphoneos;
				SWIFT_COMPILATION_MODE = wholemodule;
				VALIDATE_PRODUCT = YES;
				WATCHOS_DEPLOYMENT_TARGET = 8.0;
			};
			name = Release;
		};
		A000000000000000000000011 /* Debug */ = {
			isa = XCBuildConfiguration;
			buildSettings = {
				ASSETCATALOG_COMPILER_APPICON_NAME = AppIcon;
				CODE_SIGN_ENTITLEMENTS = GlucoseMonitor/GlucoseMonitor.entitlements;
				CODE_SIGN_STYLE = Automatic;
				CURRENT_PROJECT_VERSION = 1;
				DEVELOPMENT_TEAM = TRRFV962PL;
				ENABLE_PREVIEWS = YES;
				GENERATE_INFOPLIST_FILE = YES;
				INFOPLIST_FILE = GlucoseMonitor/Info.plist;
				INFOPLIST_KEY_CFBundleDisplayName = "Glucose Monitor";
				INFOPLIST_KEY_UIApplicationSceneManifest_Generation = YES;
				INFOPLIST_KEY_UILaunchScreen_Generation = YES;
				INFOPLIST_KEY_UISupportedInterfaceOrientations = UIInterfaceOrientationPortrait;
				LD_RUNPATH_SEARCH_PATHS = (
					"$(inherited)",
					"@executable_path/Frameworks",
				);
				MARKETING_VERSION = 1.0;
				PRODUCT_BUNDLE_IDENTIFIER = com.che.glucosemonitor;
				PRODUCT_NAME = "$(TARGET_NAME)";
				SWIFT_EMIT_LOC_STRINGS = YES;
				SWIFT_VERSION = 5.0;
				TARGETED_DEVICE_FAMILY = 1;
			};
			name = Debug;
		};
		A000000000000000000000012 /* Release */ = {
			isa = XCBuildConfiguration;
			buildSettings = {
				ASSETCATALOG_COMPILER_APPICON_NAME = AppIcon;
				CODE_SIGN_ENTITLEMENTS = GlucoseMonitor/GlucoseMonitor.entitlements;
				CODE_SIGN_STYLE = Automatic;
				CURRENT_PROJECT_VERSION = 1;
				DEVELOPMENT_TEAM = TRRFV962PL;
				ENABLE_PREVIEWS = YES;
				GENERATE_INFOPLIST_FILE = YES;
				INFOPLIST_FILE = GlucoseMonitor/Info.plist;
				INFOPLIST_KEY_CFBundleDisplayName = "Glucose Monitor";
				INFOPLIST_KEY_UIApplicationSceneManifest_Generation = YES;
				INFOPLIST_KEY_UILaunchScreen_Generation = YES;
				INFOPLIST_KEY_UISupportedInterfaceOrientations = UIInterfaceOrientationPortrait;
				LD_RUNPATH_SEARCH_PATHS = (
					"$(inherited)",
					"@executable_path/Frameworks",
				);
				MARKETING_VERSION = 1.0;
				PRODUCT_BUNDLE_IDENTIFIER = com.che.glucosemonitor;
				PRODUCT_NAME = "$(TARGET_NAME)";
				SWIFT_EMIT_LOC_STRINGS = YES;
				SWIFT_VERSION = 5.0;
				TARGETED_DEVICE_FAMILY = 1;
			};
			name = Release;
		};
		A000000000000000000000021 /* Debug */ = {
			isa = XCBuildConfiguration;
			buildSettings = {
				CODE_SIGN_ENTITLEMENTS = "../glucose-monitor-watch/GlucoseMonitorWatch/GlucoseMonitorWatch.entitlements";
				CODE_SIGN_STYLE = Automatic;
				CURRENT_PROJECT_VERSION = 1;
				DEVELOPMENT_TEAM = TRRFV962PL;
				ENABLE_PREVIEWS = YES;
				"EXCLUDED_ARCHS[sdk=watchsimulator*]" = x86_64;
				GENERATE_INFOPLIST_FILE = YES;
				INFOPLIST_KEY_CFBundleDisplayName = Glucose;
				INFOPLIST_KEY_UISupportedInterfaceOrientations = "UIInterfaceOrientationPortrait UIInterfaceOrientationPortraitUpsideDown";
				INFOPLIST_KEY_WKCompanionAppBundleIdentifier = com.che.glucosemonitor;
				LD_RUNPATH_SEARCH_PATHS = (
					"$(inherited)",
					"@executable_path/Frameworks",
				);
				MARKETING_VERSION = 1.0;
				PRODUCT_BUNDLE_IDENTIFIER = com.che.glucosemonitor.watchapp;
				PRODUCT_NAME = GMWatch;
				SDKROOT = watchos;
				SKIP_INSTALL = YES;
				SWIFT_EMIT_LOC_STRINGS = YES;
				SWIFT_VERSION = 5.0;
				TARGETED_DEVICE_FAMILY = 4;
				WATCHOS_DEPLOYMENT_TARGET = 8.0;
			};
			name = Debug;
		};
		A000000000000000000000022 /* Release */ = {
			isa = XCBuildConfiguration;
			buildSettings = {
				CODE_SIGN_ENTITLEMENTS = "../glucose-monitor-watch/GlucoseMonitorWatch/GlucoseMonitorWatch.entitlements";
				CODE_SIGN_STYLE = Automatic;
				CURRENT_PROJECT_VERSION = 1;
				DEVELOPMENT_TEAM = TRRFV962PL;
				ENABLE_PREVIEWS = YES;
				"EXCLUDED_ARCHS[sdk=watchsimulator*]" = x86_64;
				GENERATE_INFOPLIST_FILE = YES;
				INFOPLIST_KEY_CFBundleDisplayName = Glucose;
				INFOPLIST_KEY_UISupportedInterfaceOrientations = "UIInterfaceOrientationPortrait UIInterfaceOrientationPortraitUpsideDown";
				INFOPLIST_KEY_WKCompanionAppBundleIdentifier = com.che.glucosemonitor;
				LD_RUNPATH_SEARCH_PATHS = (
					"$(inherited)",
					"@executable_path/Frameworks",
				);
				MARKETING_VERSION = 1.0;
				PRODUCT_BUNDLE_IDENTIFIER = com.che.glucosemonitor.watchapp;
				PRODUCT_NAME = GMWatch;
				SDKROOT = watchos;
				SKIP_INSTALL = YES;
				SWIFT_EMIT_LOC_STRINGS = YES;
				SWIFT_VERSION = 5.0;
				TARGETED_DEVICE_FAMILY = 4;
				WATCHOS_DEPLOYMENT_TARGET = 8.0;
			};
			name = Release;
		};
		A000000000000000000000041 /* Debug */ = {
			isa = XCBuildConfiguration;
			buildSettings = {
				APPLICATION_EXTENSION_API_ONLY = YES;
				CODE_SIGN_ENTITLEMENTS = GlucoseMonitorWidget/GlucoseMonitorWidget.entitlements;
				CODE_SIGN_STYLE = Automatic;
				CURRENT_PROJECT_VERSION = 1;
				DEVELOPMENT_TEAM = TRRFV962PL;
				GENERATE_INFOPLIST_FILE = NO;
				INFOPLIST_FILE = GlucoseMonitorWidget/Info.plist;
				INFOPLIST_KEY_CFBundleDisplayName = Glucose;
				IPHONEOS_DEPLOYMENT_TARGET = 17.0;
				LD_RUNPATH_SEARCH_PATHS = (
					"$(inherited)",
					"@executable_path/Frameworks",
					"@executable_path/../../Frameworks",
				);
				MARKETING_VERSION = 1.0;
				PRODUCT_BUNDLE_IDENTIFIER = com.che.glucosemonitor.widget;
				PRODUCT_NAME = GlucoseMonitorWidget;
				SDKROOT = iphoneos;
				SKIP_INSTALL = YES;
				SWIFT_EMIT_LOC_STRINGS = YES;
				SWIFT_VERSION = 5.0;
				TARGETED_DEVICE_FAMILY = 1;
			};
			name = Debug;
		};
		A000000000000000000000042 /* Release */ = {
			isa = XCBuildConfiguration;
			buildSettings = {
				APPLICATION_EXTENSION_API_ONLY = YES;
				CODE_SIGN_ENTITLEMENTS = GlucoseMonitorWidget/GlucoseMonitorWidget.entitlements;
				CODE_SIGN_STYLE = Automatic;
				CURRENT_PROJECT_VERSION = 1;
				DEVELOPMENT_TEAM = TRRFV962PL;
				GENERATE_INFOPLIST_FILE = NO;
				INFOPLIST_FILE = GlucoseMonitorWidget/Info.plist;
				INFOPLIST_KEY_CFBundleDisplayName = Glucose;
				IPHONEOS_DEPLOYMENT_TARGET = 17.0;
				LD_RUNPATH_SEARCH_PATHS = (
					"$(inherited)",
					"@executable_path/Frameworks",
					"@executable_path/../../Frameworks",
				);
				MARKETING_VERSION = 1.0;
				PRODUCT_BUNDLE_IDENTIFIER = com.che.glucosemonitor.widget;
				PRODUCT_NAME = GlucoseMonitorWidget;
				SDKROOT = iphoneos;
				SKIP_INSTALL = YES;
				SWIFT_EMIT_LOC_STRINGS = YES;
				SWIFT_VERSION = 5.0;
				TARGETED_DEVICE_FAMILY = 1;
			};
			name = Release;
		};
/* End XCBuildConfiguration section */

/* Begin XCConfigurationList section */
		900000000000000000000001 /* Build configuration list for PBXNativeTarget "GlucoseMonitor" */ = {
			isa = XCConfigurationList;
			buildConfigurations = (
				A000000000000000000000011 /* Debug */,
				A000000000000000000000012 /* Release */,
			);
			defaultConfigurationIsVisible = 0;
			defaultConfigurationName = Release;
		};
		900000000000000000000002 /* Build configuration list for PBXNativeTarget "GlucoseMonitorWatch" */ = {
			isa = XCConfigurationList;
			buildConfigurations = (
				A000000000000000000000021 /* Debug */,
				A000000000000000000000022 /* Release */,
			);
			defaultConfigurationIsVisible = 0;
			defaultConfigurationName = Release;
		};
		900000000000000000000003 /* Build configuration list for PBXProject "GlucoseMonitor" */ = {
			isa = XCConfigurationList;
			buildConfigurations = (
				A000000000000000000000001 /* Debug */,
				A000000000000000000000002 /* Release */,
			);
			defaultConfigurationIsVisible = 0;
			defaultConfigurationName = Release;
		};
		900000000000000000000005 /* Build configuration list for PBXNativeTarget "GlucoseMonitorWidgetExtension" */ = {
			isa = XCConfigurationList;
			buildConfigurations = (
				A000000000000000000000041 /* Debug */,
				A000000000000000000000042 /* Release */,
			);
			defaultConfigurationIsVisible = 0;
			defaultConfigurationName = Release;
		};
/* End XCConfigurationList section */
	};
	rootObject = 100000000000000000000001 /* Project object */;
}
